// !$*UTF8*$!
{
	archiveVersion = 1;
	classes = {
	};
	objectVersion = 50;
	objects = {

/* Begin PBXBuildFile section */
		BC26F386237B86FB00C4D8BF /* StudentsListView.swift in Sources */ = {isa = PBXBuildFile; fileRef = BC26F37C237B86FB00C4D8BF /* StudentsListView.swift */; };
		BC26F387237B86FB00C4D8BF /* ColorsVStackView.swift in Sources */ = {isa = PBXBuildFile; fileRef = BC26F37D237B86FB00C4D8BF /* ColorsVStackView.swift */; };
		BC26F388237B86FB00C4D8BF /* CounterView.swift in Sources */ = {isa = PBXBuildFile; fileRef = BC26F37E237B86FB00C4D8BF /* CounterView.swift */; };
		BC26F389237B86FB00C4D8BF /* RotatedView.swift in Sources */ = {isa = PBXBuildFile; fileRef = BC26F37F237B86FB00C4D8BF /* RotatedView.swift */; };
		BC26F38A237B86FB00C4D8BF /* MountainView.swift in Sources */ = {isa = PBXBuildFile; fileRef = BC26F380237B86FB00C4D8BF /* MountainView.swift */; };
		BC26F38B237B86FB00C4D8BF /* MultilineView.swift in Sources */ = {isa = PBXBuildFile; fileRef = BC26F381237B86FB00C4D8BF /* MultilineView.swift */; };
		BC26F38C237B86FB00C4D8BF /* ColorsZStackView.swift in Sources */ = {isa = PBXBuildFile; fileRef = BC26F382237B86FB00C4D8BF /* ColorsZStackView.swift */; };
		BC26F38D237B86FB00C4D8BF /* MapView.swift in Sources */ = {isa = PBXBuildFile; fileRef = BC26F383237B86FB00C4D8BF /* MapView.swift */; };
		BC26F38E237B86FB00C4D8BF /* ColorsView.swift in Sources */ = {isa = PBXBuildFile; fileRef = BC26F384237B86FB00C4D8BF /* ColorsView.swift */; };
		BC26F38F237B86FB00C4D8BF /* HeartView.swift in Sources */ = {isa = PBXBuildFile; fileRef = BC26F385237B86FB00C4D8BF /* HeartView.swift */; };
		BC26F391237B871900C4D8BF /* ContentView.swift in Sources */ = {isa = PBXBuildFile; fileRef = BC26F390237B871900C4D8BF /* ContentView.swift */; };
		BC26F393237B876600C4D8BF /* TextsView.swift in Sources */ = {isa = PBXBuildFile; fileRef = BC26F392237B876600C4D8BF /* TextsView.swift */; };
		BC26F395237B88C900C4D8BF /* ViewWithViewModifier.swift in Sources */ = {isa = PBXBuildFile; fileRef = BC26F394237B88C900C4D8BF /* ViewWithViewModifier.swift */; };
		BC26F397237B894500C4D8BF /* AlertsView.swift in Sources */ = {isa = PBXBuildFile; fileRef = BC26F396237B894500C4D8BF /* AlertsView.swift */; };
		BC907E20237B1FCE002BCF2A /* AppDelegate.swift in Sources */ = {isa = PBXBuildFile; fileRef = BC907E1F237B1FCE002BCF2A /* AppDelegate.swift */; };
		BC907E22237B1FCE002BCF2A /* SceneDelegate.swift in Sources */ = {isa = PBXBuildFile; fileRef = BC907E21237B1FCE002BCF2A /* SceneDelegate.swift */; };
		BC907E26237B1FD0002BCF2A /* Assets.xcassets in Resources */ = {isa = PBXBuildFile; fileRef = BC907E25237B1FD0002BCF2A /* Assets.xcassets */; };
		BC907E29237B1FD0002BCF2A /* Preview Assets.xcassets in Resources */ = {isa = PBXBuildFile; fileRef = BC907E28237B1FD0002BCF2A /* Preview Assets.xcassets */; };
		BC907E2C237B1FD0002BCF2A /* LaunchScreen.storyboard in Resources */ = {isa = PBXBuildFile; fileRef = BC907E2A237B1FD0002BCF2A /* LaunchScreen.storyboard */; };
		BCA979A1237C806B009817A5 /* TextfieldView.swift in Sources */ = {isa = PBXBuildFile; fileRef = BCA979A0237C806B009817A5 /* TextfieldView.swift */; };
		BCA979A3237C84EF009817A5 /* PickerSample.swift in Sources */ = {isa = PBXBuildFile; fileRef = BCA979A2237C84EF009817A5 /* PickerSample.swift */; };
		BCA979A5237C873B009817A5 /* MoneySplitView.swift in Sources */ = {isa = PBXBuildFile; fileRef = BCA979A4237C873B009817A5 /* MoneySplitView.swift */; };
/* End PBXBuildFile section */

/* Begin PBXFileReference section */
		BC26F37C237B86FB00C4D8BF /* StudentsListView.swift */ = {isa = PBXFileReference; fileEncoding = 4; lastKnownFileType = sourcecode.swift; path = StudentsListView.swift; sourceTree = "<group>"; };
		BC26F37D237B86FB00C4D8BF /* ColorsVStackView.swift */ = {isa = PBXFileReference; fileEncoding = 4; lastKnownFileType = sourcecode.swift; path = ColorsVStackView.swift; sourceTree = "<group>"; };
		BC26F37E237B86FB00C4D8BF /* CounterView.swift */ = {isa = PBXFileReference; fileEncoding = 4; lastKnownFileType = sourcecode.swift; path = CounterView.swift; sourceTree = "<group>"; };
		BC26F37F237B86FB00C4D8BF /* RotatedView.swift */ = {isa = PBXFileReference; fileEncoding = 4; lastKnownFileType = sourcecode.swift; path = RotatedView.swift; sourceTree = "<group>"; };
		BC26F380237B86FB00C4D8BF /* MountainView.swift */ = {isa = PBXFileReference; fileEncoding = 4; lastKnownFileType = sourcecode.swift; path = MountainView.swift; sourceTree = "<group>"; };
		BC26F381237B86FB00C4D8BF /* MultilineView.swift */ = {isa = PBXFileReference; fileEncoding = 4; lastKnownFileType = sourcecode.swift; path = MultilineView.swift; sourceTree = "<group>"; };
		BC26F382237B86FB00C4D8BF /* ColorsZStackView.swift */ = {isa = PBXFileReference; fileEncoding = 4; lastKnownFileType = sourcecode.swift; path = ColorsZStackView.swift; sourceTree = "<group>"; };
		BC26F383237B86FB00C4D8BF /* MapView.swift */ = {isa = PBXFileReference; fileEncoding = 4; lastKnownFileType = sourcecode.swift; path = MapView.swift; sourceTree = "<group>"; };
		BC26F384237B86FB00C4D8BF /* ColorsView.swift */ = {isa = PBXFileReference; fileEncoding = 4; lastKnownFileType = sourcecode.swift; path = ColorsView.swift; sourceTree = "<group>"; };
		BC26F385237B86FB00C4D8BF /* HeartView.swift */ = {isa = PBXFileReference; fileEncoding = 4; lastKnownFileType = sourcecode.swift; path = HeartView.swift; sourceTree = "<group>"; };
		BC26F390237B871900C4D8BF /* ContentView.swift */ = {isa = PBXFileReference; fileEncoding = 4; lastKnownFileType = sourcecode.swift; path = ContentView.swift; sourceTree = "<group>"; };
		BC26F392237B876600C4D8BF /* TextsView.swift */ = {isa = PBXFileReference; lastKnownFileType = sourcecode.swift; path = TextsView.swift; sourceTree = "<group>"; };
		BC26F394237B88C900C4D8BF /* ViewWithViewModifier.swift */ = {isa = PBXFileReference; lastKnownFileType = sourcecode.swift; path = ViewWithViewModifier.swift; sourceTree = "<group>"; };
		BC26F396237B894500C4D8BF /* AlertsView.swift */ = {isa = PBXFileReference; lastKnownFileType = sourcecode.swift; path = AlertsView.swift; sourceTree = "<group>"; };
		BC907E1C237B1FCE002BCF2A /* SwiftUI_Sample.app */ = {isa = PBXFileReference; explicitFileType = wrapper.application; includeInIndex = 0; path = SwiftUI_Sample.app; sourceTree = BUILT_PRODUCTS_DIR; };
		BC907E1F237B1FCE002BCF2A /* AppDelegate.swift */ = {isa = PBXFileReference; lastKnownFileType = sourcecode.swift; path = AppDelegate.swift; sourceTree = "<group>"; };
		BC907E21237B1FCE002BCF2A /* SceneDelegate.swift */ = {isa = PBXFileReference; lastKnownFileType = sourcecode.swift; path = SceneDelegate.swift; sourceTree = "<group>"; };
		BC907E25237B1FD0002BCF2A /* Assets.xcassets */ = {isa = PBXFileReference; lastKnownFileType = folder.assetcatalog; path = Assets.xcassets; sourceTree = "<group>"; };
		BC907E28237B1FD0002BCF2A /* Preview Assets.xcassets */ = {isa = PBXFileReference; lastKnownFileType = folder.assetcatalog; path = "Preview Assets.xcassets"; sourceTree = "<group>"; };
		BC907E2B237B1FD0002BCF2A /* Base */ = {isa = PBXFileReference; lastKnownFileType = file.storyboard; name = Base; path = Base.lproj/LaunchScreen.storyboard; sourceTree = "<group>"; };
		BC907E2D237B1FD0002BCF2A /* Info.plist */ = {isa = PBXFileReference; lastKnownFileType = text.plist.xml; path = Info.plist; sourceTree = "<group>"; };
		BCA979A0237C806B009817A5 /* TextfieldView.swift */ = {isa = PBXFileReference; lastKnownFileType = sourcecode.swift; path = TextfieldView.swift; sourceTree = "<group>"; };
		BCA979A2237C84EF009817A5 /* PickerSample.swift */ = {isa = PBXFileReference; lastKnownFileType = sourcecode.swift; path = PickerSample.swift; sourceTree = "<group>"; };
		BCA979A4237C873B009817A5 /* MoneySplitView.swift */ = {isa = PBXFileReference; lastKnownFileType = sourcecode.swift; path = MoneySplitView.swift; sourceTree = "<group>"; };
/* End PBXFileReference section */

/* Begin PBXFrameworksBuildPhase section */
		BC907E19237B1FCE002BCF2A /* Frameworks */ = {
			isa = PBXFrameworksBuildPhase;
			buildActionMask = 2147483647;
			files = (
			);
			runOnlyForDeploymentPostprocessing = 0;
		};
/* End PBXFrameworksBuildPhase section */

/* Begin PBXGroup section */
		BC26F37B237B86E700C4D8BF /* Views */ = {
			isa = PBXGroup;
			children = (
				BC26F390237B871900C4D8BF /* ContentView.swift */,
				BC26F384237B86FB00C4D8BF /* ColorsView.swift */,
				BC26F37D237B86FB00C4D8BF /* ColorsVStackView.swift */,
				BC26F382237B86FB00C4D8BF /* ColorsZStackView.swift */,
				BC26F37E237B86FB00C4D8BF /* CounterView.swift */,
				BC26F385237B86FB00C4D8BF /* HeartView.swift */,
				BC26F383237B86FB00C4D8BF /* MapView.swift */,
				BC26F380237B86FB00C4D8BF /* MountainView.swift */,
				BC26F381237B86FB00C4D8BF /* MultilineView.swift */,
				BC26F37F237B86FB00C4D8BF /* RotatedView.swift */,
				BC26F37C237B86FB00C4D8BF /* StudentsListView.swift */,
				BC26F392237B876600C4D8BF /* TextsView.swift */,
				BC26F394237B88C900C4D8BF /* ViewWithViewModifier.swift */,
				BC26F396237B894500C4D8BF /* AlertsView.swift */,
				BCA979A0237C806B009817A5 /* TextfieldView.swift */,
				BCA979A2237C84EF009817A5 /* PickerSample.swift */,
				BCA979A4237C873B009817A5 /* MoneySplitView.swift */,
			);
			path = Views;
			sourceTree = "<group>";
		};
		BC907E13237B1FCE002BCF2A = {
			isa = PBXGroup;
			children = (
				BC907E1E237B1FCE002BCF2A /* SwiftUI_Sample */,
				BC907E1D237B1FCE002BCF2A /* Products */,
			);
			sourceTree = "<group>";
		};
		BC907E1D237B1FCE002BCF2A /* Products */ = {
			isa = PBXGroup;
			children = (
				BC907E1C237B1FCE002BCF2A /* SwiftUI_Sample.app */,
			);
			name = Products;
			sourceTree = "<group>";
		};
		BC907E1E237B1FCE002BCF2A /* SwiftUI_Sample */ = {
			isa = PBXGroup;
			children = (
				BC26F37B237B86E700C4D8BF /* Views */,
				BC907E1F237B1FCE002BCF2A /* AppDelegate.swift */,
				BC907E21237B1FCE002BCF2A /* SceneDelegate.swift */,
				BC907E25237B1FD0002BCF2A /* Assets.xcassets */,
				BC907E2A237B1FD0002BCF2A /* LaunchScreen.storyboard */,
				BC907E2D237B1FD0002BCF2A /* Info.plist */,
				BC907E27237B1FD0002BCF2A /* Preview Content */,
			);
			path = SwiftUI_Sample;
			sourceTree = "<group>";
		};
		BC907E27237B1FD0002BCF2A /* Preview Content */ = {
			isa = PBXGroup;
			children = (
				BC907E28237B1FD0002BCF2A /* Preview Assets.xcassets */,
			);
			path = "Preview Content";
			sourceTree = "<group>";
		};
/* End PBXGroup section */

/* Begin PBXNativeTarget section */
		BC907E1B237B1FCE002BCF2A /* SwiftUI_Sample */ = {
			isa = PBXNativeTarget;
			buildConfigurationList = BC907E30237B1FD0002BCF2A /* Build configuration list for PBXNativeTarget "SwiftUI_Sample" */;
			buildPhases = (
				BC907E18237B1FCE002BCF2A /* Sources */,
				BC907E19237B1FCE002BCF2A /* Frameworks */,
				BC907E1A237B1FCE002BCF2A /* Resources */,
			);
			buildRules = (
			);
			dependencies = (
			);
			name = SwiftUI_Sample;
			productName = SwiftUITest;
			productReference = BC907E1C237B1FCE002BCF2A /* SwiftUI_Sample.app */;
			productType = "com.apple.product-type.application";
		};
/* End PBXNativeTarget section */

/* Begin PBXProject section */
		BC907E14237B1FCE002BCF2A /* Project object */ = {
			isa = PBXProject;
			attributes = {
				LastSwiftUpdateCheck = 1120;
				LastUpgradeCheck = 1120;
				TargetAttributes = {
					BC907E1B237B1FCE002BCF2A = {
						CreatedOnToolsVersion = 11.2;
					};
				};
			};
			buildConfigurationList = BC907E17237B1FCE002BCF2A /* Build configuration list for PBXProject "SwiftUI_Sample" */;
			compatibilityVersion = "Xcode 9.3";
			developmentRegion = en;
			hasScannedForEncodings = 0;
			knownRegions = (
				en,
				Base,
			);
			mainGroup = BC907E13237B1FCE002BCF2A;
			productRefGroup = BC907E1D237B1FCE002BCF2A /* Products */;
			projectDirPath = "";
			projectRoot = "";
			targets = (
				BC907E1B237B1FCE002BCF2A /* SwiftUI_Sample */,
			);
		};
/* End PBXProject section */

/* Begin PBXResourcesBuildPhase section */
		BC907E1A237B1FCE002BCF2A /* Resources */ = {
			isa = PBXResourcesBuildPhase;
			buildActionMask = 2147483647;
			files = (
				BC907E2C237B1FD0002BCF2A /* LaunchScreen.storyboard in Resources */,
				BC907E29237B1FD0002BCF2A /* Preview Assets.xcassets in Resources */,
				BC907E26237B1FD0002BCF2A /* Assets.xcassets in Resources */,
			);
			runOnlyForDeploymentPostprocessing = 0;
		};
/* End PBXResourcesBuildPhase section */

/* Begin PBXSourcesBuildPhase section */
		BC907E18237B1FCE002BCF2A /* Sources */ = {
			isa = PBXSourcesBuildPhase;
			buildActionMask = 2147483647;
			files = (
				BC26F395237B88C900C4D8BF /* ViewWithViewModifier.swift in Sources */,
				BCA979A3237C84EF009817A5 /* PickerSample.swift in Sources */,
				BC26F38E237B86FB00C4D8BF /* ColorsView.swift in Sources */,
				BC26F397237B894500C4D8BF /* AlertsView.swift in Sources */,
				BC26F389237B86FB00C4D8BF /* RotatedView.swift in Sources */,
				BC907E20237B1FCE002BCF2A /* AppDelegate.swift in Sources */,
				BC907E22237B1FCE002BCF2A /* SceneDelegate.swift in Sources */,
				BCA979A5237C873B009817A5 /* MoneySplitView.swift in Sources */,
				BC26F38D237B86FB00C4D8BF /* MapView.swift in Sources */,
				BC26F38A237B86FB00C4D8BF /* MountainView.swift in Sources */,
				BC26F38C237B86FB00C4D8BF /* ColorsZStackView.swift in Sources */,
				BC26F393237B876600C4D8BF /* TextsView.swift in Sources */,
				BC26F387237B86FB00C4D8BF /* ColorsVStackView.swift in Sources */,
				BCA979A1237C806B009817A5 /* TextfieldView.swift in Sources */,
				BC26F38B237B86FB00C4D8BF /* MultilineView.swift in Sources */,
				BC26F386237B86FB00C4D8BF /* StudentsListView.swift in Sources */,
				BC26F391237B871900C4D8BF /* ContentView.swift in Sources */,
				BC26F38F237B86FB00C4D8BF /* HeartView.swift in Sources */,
				BC26F388237B86FB00C4D8BF /* CounterView.swift in Sources */,
			);
			runOnlyForDeploymentPostprocessing = 0;
		};
/* End PBXSourcesBuildPhase section */

/* Begin PBXVariantGroup section */
		BC907E2A237B1FD0002BCF2A /* LaunchScreen.storyboard */ = {
			isa = PBXVariantGroup;
			children = (
				BC907E2B237B1FD0002BCF2A /* Base */,
			);
			name = LaunchScreen.storyboard;
			sourceTree = "<group>";
		};
/* End PBXVariantGroup section */

/* Begin XCBuildConfiguration section */
		BC907E2E237B1FD0002BCF2A /* Debug */ = {
			isa = XCBuildConfiguration;
			buildSettings = {
				ALWAYS_SEARCH_USER_PATHS = NO;
				CLANG_ANALYZER_NONNULL = YES;
				CLANG_ANALYZER_NUMBER_OBJECT_CONVERSION = YES_AGGRESSIVE;
				CLANG_CXX_LANGUAGE_STANDARD = "gnu++14";
				CLANG_CXX_LIBRARY = "libc++";
				CLANG_ENABLE_MODULES = YES;
				CLANG_ENABLE_OBJC_ARC = YES;
				CLANG_ENABLE_OBJC_WEAK = YES;
				CLANG_WARN_BLOCK_CAPTURE_AUTORELEASING = YES;
				CLANG_WARN_BOOL_CONVERSION = YES;
				CLANG_WARN_COMMA = YES;
				CLANG_WARN_CONSTANT_CONVERSION = YES;
				CLANG_WARN_DEPRECATED_OBJC_IMPLEMENTATIONS = YES;
				CLANG_WARN_DIRECT_OBJC_ISA_USAGE = YES_ERROR;
				CLANG_WARN_DOCUMENTATION_COMMENTS = YES;
				CLANG_WARN_EMPTY_BODY = YES;
				CLANG_WARN_ENUM_CONVERSION = YES;
				CLANG_WARN_INFINITE_RECURSION = YES;
				CLANG_WARN_INT_CONVERSION = YES;
				CLANG_WARN_NON_LITERAL_NULL_CONVERSION = YES;
				CLANG_WARN_OBJC_IMPLICIT_RETAIN_SELF = YES;
				CLANG_WARN_OBJC_LITERAL_CONVERSION = YES;
				CLANG_WARN_OBJC_ROOT_CLASS = YES_ERROR;
				CLANG_WARN_RANGE_LOOP_ANALYSIS = YES;
				CLANG_WARN_STRICT_PROTOTYPES = YES;
				CLANG_WARN_SUSPICIOUS_MOVE = YES;
				CLANG_WARN_UNGUARDED_AVAILABILITY = YES_AGGRESSIVE;
				CLANG_WARN_UNREACHABLE_CODE = YES;
				CLANG_WARN__DUPLICATE_METHOD_MATCH = YES;
				COPY_PHASE_STRIP = NO;
				DEBUG_INFORMATION_FORMAT = dwarf;
				ENABLE_STRICT_OBJC_MSGSEND = YES;
				ENABLE_TESTABILITY = YES;
				GCC_C_LANGUAGE_STANDARD = gnu11;
				GCC_DYNAMIC_NO_PIC = NO;
				GCC_NO_COMMON_BLOCKS = YES;
				GCC_OPTIMIZATION_LEVEL = 0;
				GCC_PREPROCESSOR_DEFINITIONS = (
					"DEBUG=1",
					"$(inherited)",
				);
				GCC_WARN_64_TO_32_BIT_CONVERSION = YES;
				GCC_WARN_ABOUT_RETURN_TYPE = YES_ERROR;
				GCC_WARN_UNDECLARED_SELECTOR = YES;
				GCC_WARN_UNINITIALIZED_AUTOS = YES_AGGRESSIVE;
				GCC_WARN_UNUSED_FUNCTION = YES;
				GCC_WARN_UNUSED_VARIABLE = YES;
				IPHONEOS_DEPLOYMENT_TARGET = 13.0;
				MTL_ENABLE_DEBUG_INFO = INCLUDE_SOURCE;
				MTL_FAST_MATH = YES;
				ONLY_ACTIVE_ARCH = YES;
				SDKROOT = iphoneos;
				SWIFT_ACTIVE_COMPILATION_CONDITIONS = DEBUG;
				SWIFT_OPTIMIZATION_LEVEL = "-Onone";
			};
			name = Debug;
		};
		BC907E2F237B1FD0002BCF2A /* Release */ = {
			isa = XCBuildConfiguration;
			buildSettings = {
				ALWAYS_SEARCH_USER_PATHS = NO;
				CLANG_ANALYZER_NONNULL = YES;
				CLANG_ANALYZER_NUMBER_OBJECT_CONVERSION = YES_AGGRESSIVE;
				CLANG_CXX_LANGUAGE_STANDARD = "gnu++14";
				CLANG_CXX_LIBRARY = "libc++";
				CLANG_ENABLE_MODULES = YES;
				CLANG_ENABLE_OBJC_ARC = YES;
				CLANG_ENABLE_OBJC_WEAK = YES;
				CLANG_WARN_BLOCK_CAPTURE_AUTORELEASING = YES;
				CLANG_WARN_BOOL_CONVERSION = YES;
				CLANG_WARN_COMMA = YES;
				CLANG_WARN_CONSTANT_CONVERSION = YES;
				CLANG_WARN_DEPRECATED_OBJC_IMPLEMENTATIONS = YES;
				CLANG_WARN_DIRECT_OBJC_ISA_USAGE = YES_ERROR;
				CLANG_WARN_DOCUMENTATION_COMMENTS = YES;
				CLANG_WARN_EMPTY_BODY = YES;
				CLANG_WARN_ENUM_CONVERSION = YES;
				CLANG_WARN_INFINITE_RECURSION = YES;
				CLANG_WARN_INT_CONVERSION = YES;
				CLANG_WARN_NON_LITERAL_NULL_CONVERSION = YES;
				CLANG_WARN_OBJC_IMPLICIT_RETAIN_SELF = YES;
				CLANG_WARN_OBJC_LITERAL_CONVERSION = YES;
				CLANG_WARN_OBJC_ROOT_CLASS = YES_ERROR;
				CLANG_WARN_RANGE_LOOP_ANALYSIS = YES;
				CLANG_WARN_STRICT_PROTOTYPES = YES;
				CLANG_WARN_SUSPICIOUS_MOVE = YES;
				CLANG_WARN_UNGUARDED_AVAILABILITY = YES_AGGRESSIVE;
				CLANG_WARN_UNREACHABLE_CODE = YES;
				CLANG_WARN__DUPLICATE_METHOD_MATCH = YES;
				COPY_PHASE_STRIP = NO;
				DEBUG_INFORMATION_FORMAT = "dwarf-with-dsym";
				ENABLE_NS_ASSERTIONS = NO;
				ENABLE_STRICT_OBJC_MSGSEND = YES;
				GCC_C_LANGUAGE_STANDARD = gnu11;
				GCC_NO_COMMON_BLOCKS = YES;
				GCC_WARN_64_TO_32_BIT_CONVERSION = YES;
				GCC_WARN_ABOUT_RETURN_TYPE = YES_ERROR;
				GCC_WARN_UNDECLARED_SELECTOR = YES;
				GCC_WARN_UNINITIALIZED_AUTOS = YES_AGGRESSIVE;
				GCC_WARN_UNUSED_FUNCTION = YES;
				GCC_WARN_UNUSED_VARIABLE = YES;
				IPHONEOS_DEPLOYMENT_TARGET = 13.0;
				MTL_ENABLE_DEBUG_INFO = NO;
				MTL_FAST_MATH = YES;
				SDKROOT = iphoneos;
				SWIFT_COMPILATION_MODE = wholemodule;
				SWIFT_OPTIMIZATION_LEVEL = "-O";
				VALIDATE_PRODUCT = YES;
			};
			name = Release;
		};
		BC907E31237B1FD0002BCF2A /* Debug */ = {
			isa = XCBuildConfiguration;
			buildSettings = {
				ASSETCATALOG_COMPILER_APPICON_NAME = AppIcon;
				CODE_SIGN_STYLE = Automatic;
				DEVELOPMENT_ASSET_PATHS = "\"SwiftUI_Sample//Preview Content\"";
				DEVELOPMENT_TEAM = U2HP968M4R;
				ENABLE_PREVIEWS = YES;
				INFOPLIST_FILE = SwiftUI_Sample/Info.plist;
				LD_RUNPATH_SEARCH_PATHS = (
					"$(inherited)",
					"@executable_path/Frameworks",
				);
				PRODUCT_BUNDLE_IDENTIFIER = "com.zhydenko.developer.SwiftUI-Sample";
				PRODUCT_NAME = "$(TARGET_NAME)";
				SWIFT_VERSION = 5.0;
				TARGETED_DEVICE_FAMILY = "1,2";
			};
			name = Debug;
		};
		BC907E32237B1FD0002BCF2A /* Release */ = {
			isa = XCBuildConfiguration;
			buildSettings = {
				ASSETCATALOG_COMPILER_APPICON_NAME = AppIcon;
				CODE_SIGN_STYLE = Automatic;
				DEVELOPMENT_ASSET_PATHS = "\"SwiftUI_Sample//Preview Content\"";
				DEVELOPMENT_TEAM = U2HP968M4R;
				ENABLE_PREVIEWS = YES;
				INFOPLIST_FILE = SwiftUI_Sample/Info.plist;
				LD_RUNPATH_SEARCH_PATHS = (
					"$(inherited)",
					"@executable_path/Frameworks",
				);
				PRODUCT_BUNDLE_IDENTIFIER = "com.zhydenko.developer.SwiftUI-Sample";
				PRODUCT_NAME = "$(TARGET_NAME)";
				SWIFT_VERSION = 5.0;
				TARGETED_DEVICE_FAMILY = "1,2";
			};
			name = Release;
		};
/* End XCBuildConfiguration section */

/* Begin XCConfigurationList section */
		BC907E17237B1FCE002BCF2A /* Build configuration list for PBXProject "SwiftUI_Sample" */ = {
			isa = XCConfigurationList;
			buildConfigurations = (
				BC907E2E237B1FD0002BCF2A /* Debug */,
				BC907E2F237B1FD0002BCF2A /* Release */,
			);
			defaultConfigurationIsVisible = 0;
			defaultConfigurationName = Release;
		};
		BC907E30237B1FD0002BCF2A /* Build configuration list for PBXNativeTarget "SwiftUI_Sample" */ = {
			isa = XCConfigurationList;
			buildConfigurations = (
				BC907E31237B1FD0002BCF2A /* Debug */,
				BC907E32237B1FD0002BCF2A /* Release */,
			);
			defaultConfigurationIsVisible = 0;
			defaultConfigurationName = Release;
		};
/* End XCConfigurationList section */
	};
	rootObject = BC907E14237B1FCE002BCF2A /* Project object */;
}
